
Microsoft Visual Studio Solution File, Format Version 12.00
# Visual Studio 15
VisualStudioVersion = 15.0.27703.2035
MinimumVisualStudioVersion = 10.0.40219.1
Project("{8BC9CEB8-8B4A-11D0-8D11-00A0C91BC942}") = "1158", "1158\1158.vcxproj", "{927C76F6-9D94-4022-9B12-4D41DDAAC596}"
EndProject
Project("{8BC9CEB8-8B4A-11D0-8D11-00A0C91BC942}") = "7576", "7576\7576.vcxproj", "{CD514283-6DC3-4B5A-AFB9-09FA7F36AF37}"
EndProject
Project("{8BC9CEB8-8B4A-11D0-8D11-00A0C91BC942}") = "13460", "13460\13460.vcxproj", "{0A1B4116-84B4-4F0E-B743-61C1B06E0A60}"
EndProject
Project("{8BC9CEB8-8B4A-11D0-8D11-00A0C91BC942}") = "14501", "14501\14501.vcxproj", "{EEAFF75C-2EC1-4C07-863D-0A688803D60E}"
EndProject
Project("{8BC9CEB8-8B4A-11D0-8D11-00A0C91BC942}") = "14502", "14502\14502.vcxproj", "{45272A2E-2096-4754-8831-A5CEE7F26639}"
EndProject
Project("{8BC9CEB8-8B4A-11D0-8D11-00A0C91BC942}") = "14503", "14503\14503.vcxproj", "{8B650709-A76D-4061-B2F1-7133F8A92051}"
EndProject
Project("{8BC9CEB8-8B4A-11D0-8D11-00A0C91BC942}") = "14889", "14889\14889.vcxproj", "{BF2E9C23-C188-4DD4-B3C9-B3391E4B4991}"
EndProject
Project("{8BC9CEB8-8B4A-11D0-8D11-00A0C91BC942}") = "15683", "15683\15683.vcxproj", "{107A8CD1-20D4-409A-B163-68646DA7A3C6}"
EndProject
Project("{8BC9CEB8-8B4A-11D0-8D11-00A0C91BC942}") = "15684", "15684\15684.vcxproj", "{FC38543F-D5D0-4396-9502-C2E7C054819B}"
EndProject
Project("{8BC9CEB8-8B4A-11D0-8D11-00A0C91BC942}") = "15685", "15685\15685.vcxproj", "{FE5FA1CD-747B-4E66-A56E-5C04CD3D267B}"
EndProject
Project("{8BC9CEB8-8B4A-11D0-8D11-00A0C91BC942}") = "DG", "DG\DG.vcxproj", "{0650000E-6462-4505-A9E8-4746971B687B}"
EndProject
Project("{8BC9CEB8-8B4A-11D0-8D11-00A0C91BC942}") = "14503_2", "14503_@\14503_@.vcxproj", "{71A25922-7497-4979-AB30-F46D37F06C01}"
EndProject
Project("{8BC9CEB8-8B4A-11D0-8D11-00A0C91BC942}") = "14499", "14499\14499.vcxproj", "{1FF59793-249B-4A5A-A590-7E93B9FC3DED}"
EndProject
Project("{8BC9CEB8-8B4A-11D0-8D11-00A0C91BC942}") = "14890", "14890\14890.vcxproj", "{5BB81191-6BC0-4A28-9F11-53B4420868F3}"
EndProject
Project("{8BC9CEB8-8B4A-11D0-8D11-00A0C91BC942}") = "7569", "7569\7569.vcxproj", "{61A60A69-FECB-4047-9116-C2678FEA6104}"
EndProject
Project("{8BC9CEB8-8B4A-11D0-8D11-00A0C91BC942}") = "2206", "2206\2206.vcxproj", "{D37B7264-AF02-4A39-B2BA-9CD726DA2466}"
EndProject
Project("{8BC9CEB8-8B4A-11D0-8D11-00A0C91BC942}") = "2206_2", "2206_2\2206_2.vcxproj", "{8B62107A-25F5-46C0-8388-BEFAFF7C8BE5}"
EndProject
Project("{8BC9CEB8-8B4A-11D0-8D11-00A0C91BC942}") = "14923", "14923\14923.vcxproj", "{1506E60A-B0BC-4F98-9562-210199F5A5B5}"
EndProject
Project("{8BC9CEB8-8B4A-11D0-8D11-00A0C91BC942}") = "14442", "14442\14442.vcxproj", "{31E725B0-6E22-4633-B53B-A60D753466A8}"
EndProject
Project("{8BC9CEB8-8B4A-11D0-8D11-00A0C91BC942}") = "15685_2", "15685_2\15685_2.vcxproj", "{76474ED8-0A0F-4187-869B-D6D60C6E6542}"
EndProject
Project("{8BC9CEB8-8B4A-11D0-8D11-00A0C91BC942}") = "2933", "2933\2933.vcxproj", "{182C3AA3-D2CC-4516-8A43-C9E0ABC0F133}"
EndProject
Project("{8BC9CEB8-8B4A-11D0-8D11-00A0C91BC942}") = "15686", "15686\15686.vcxproj", "{5C1828E1-AF47-4F73-8B7D-A11C34DE8AEC}"
EndProject
Global
	GlobalSection(SolutionConfigurationPlatforms) = preSolution
		Debug|x64 = Debug|x64
		Debug|x86 = Debug|x86
		Release|x64 = Release|x64
		Release|x86 = Release|x86
	EndGlobalSection
	GlobalSection(ProjectConfigurationPlatforms) = postSolution
		{927C76F6-9D94-4022-9B12-4D41DDAAC596}.Debug|x64.ActiveCfg = Debug|x64
		{927C76F6-9D94-4022-9B12-4D41DDAAC596}.Debug|x64.Build.0 = Debug|x64
		{927C76F6-9D94-4022-9B12-4D41DDAAC596}.Debug|x86.ActiveCfg = Debug|Win32
		{927C76F6-9D94-4022-9B12-4D41DDAAC596}.Debug|x86.Build.0 = Debug|Win32
		{927C76F6-9D94-4022-9B12-4D41DDAAC596}.Release|x64.ActiveCfg = Release|x64
		{927C76F6-9D94-4022-9B12-4D41DDAAC596}.Release|x64.Build.0 = Release|x64
		{927C76F6-9D94-4022-9B12-4D41DDAAC596}.Release|x86.ActiveCfg = Release|Win32
		{927C76F6-9D94-4022-9B12-4D41DDAAC596}.Release|x86.Build.0 = Release|Win32
		{CD514283-6DC3-4B5A-AFB9-09FA7F36AF37}.Debug|x64.ActiveCfg = Debug|x64
		{CD514283-6DC3-4B5A-AFB9-09FA7F36AF37}.Debug|x64.Build.0 = Debug|x64
		{CD514283-6DC3-4B5A-AFB9-09FA7F36AF37}.Debug|x86.ActiveCfg = Debug|Win32
		{CD514283-6DC3-4B5A-AFB9-09FA7F36AF37}.Debug|x86.Build.0 = Debug|Win32
		{CD514283-6DC3-4B5A-AFB9-09FA7F36AF37}.Release|x64.ActiveCfg = Release|x64
		{CD514283-6DC3-4B5A-AFB9-09FA7F36AF37}.Release|x64.Build.0 = Release|x64
		{CD514283-6DC3-4B5A-AFB9-09FA7F36AF37}.Release|x86.ActiveCfg = Release|Win32
		{CD514283-6DC3-4B5A-AFB9-09FA7F36AF37}.Release|x86.Build.0 = Release|Win32
		{0A1B4116-84B4-4F0E-B743-61C1B06E0A60}.Debug|x64.ActiveCfg = Debug|x64
		{0A1B4116-84B4-4F0E-B743-61C1B06E0A60}.Debug|x64.Build.0 = Debug|x64
		{0A1B4116-84B4-4F0E-B743-61C1B06E0A60}.Debug|x86.ActiveCfg = Debug|Win32
		{0A1B4116-84B4-4F0E-B743-61C1B06E0A60}.Debug|x86.Build.0 = Debug|Win32
		{0A1B4116-84B4-4F0E-B743-61C1B06E0A60}.Release|x64.ActiveCfg = Release|x64
		{0A1B4116-84B4-4F0E-B743-61C1B06E0A60}.Release|x64.Build.0 = Release|x64
		{0A1B4116-84B4-4F0E-B743-61C1B06E0A60}.Release|x86.ActiveCfg = Release|Win32
		{0A1B4116-84B4-4F0E-B743-61C1B06E0A60}.Release|x86.Build.0 = Release|Win32
		{EEAFF75C-2EC1-4C07-863D-0A688803D60E}.Debug|x64.ActiveCfg = Debug|x64
		{EEAFF75C-2EC1-4C07-863D-0A688803D60E}.Debug|x64.Build.0 = Debug|x64
		{EEAFF75C-2EC1-4C07-863D-0A688803D60E}.Debug|x86.ActiveCfg = Debug|Win32
		{EEAFF75C-2EC1-4C07-863D-0A688803D60E}.Debug|x86.Build.0 = Debug|Win32
		{EEAFF75C-2EC1-4C07-863D-0A688803D60E}.Release|x64.ActiveCfg = Release|x64
		{EEAFF75C-2EC1-4C07-863D-0A688803D60E}.Release|x64.Build.0 = Release|x64
		{EEAFF75C-2EC1-4C07-863D-0A688803D60E}.Release|x86.ActiveCfg = Release|Win32
		{EEAFF75C-2EC1-4C07-863D-0A688803D60E}.Release|x86.Build.0 = Release|Win32
		{45272A2E-2096-4754-8831-A5CEE7F26639}.Debug|x64.ActiveCfg = Debug|x64
		{45272A2E-2096-4754-8831-A5CEE7F26639}.Debug|x64.Build.0 = Debug|x64
		{45272A2E-2096-4754-8831-A5CEE7F26639}.Debug|x86.ActiveCfg = Debug|Win32
		{45272A2E-2096-4754-8831-A5CEE7F26639}.Debug|x86.Build.0 = Debug|Win32
		{45272A2E-2096-4754-8831-A5CEE7F26639}.Release|x64.ActiveCfg = Release|x64
		{45272A2E-2096-4754-8831-A5CEE7F26639}.Release|x64.Build.0 = Release|x64
		{45272A2E-2096-4754-8831-A5CEE7F26639}.Release|x86.ActiveCfg = Release|Win32
		{45272A2E-2096-4754-8831-A5CEE7F26639}.Release|x86.Build.0 = Release|Win32
		{8B650709-A76D-4061-B2F1-7133F8A92051}.Debug|x64.ActiveCfg = Debug|x64
		{8B650709-A76D-4061-B2F1-7133F8A92051}.Debug|x64.Build.0 = Debug|x64
		{8B650709-A76D-4061-B2F1-7133F8A92051}.Debug|x86.ActiveCfg = Debug|Win32
		{8B650709-A76D-4061-B2F1-7133F8A92051}.Debug|x86.Build.0 = Debug|Win32
		{8B650709-A76D-4061-B2F1-7133F8A92051}.Release|x64.ActiveCfg = Release|x64
		{8B650709-A76D-4061-B2F1-7133F8A92051}.Release|x64.Build.0 = Release|x64
		{8B650709-A76D-4061-B2F1-7133F8A92051}.Release|x86.ActiveCfg = Release|Win32
		{8B650709-A76D-4061-B2F1-7133F8A92051}.Release|x86.Build.0 = Release|Win32
		{BF2E9C23-C188-4DD4-B3C9-B3391E4B4991}.Debug|x64.ActiveCfg = Debug|x64
		{BF2E9C23-C188-4DD4-B3C9-B3391E4B4991}.Debug|x64.Build.0 = Debug|x64
		{BF2E9C23-C188-4DD4-B3C9-B3391E4B4991}.Debug|x86.ActiveCfg = Debug|Win32
		{BF2E9C23-C188-4DD4-B3C9-B3391E4B4991}.Debug|x86.Build.0 = Debug|Win32
		{BF2E9C23-C188-4DD4-B3C9-B3391E4B4991}.Release|x64.ActiveCfg = Release|x64
		{BF2E9C23-C188-4DD4-B3C9-B3391E4B4991}.Release|x64.Build.0 = Release|x64
		{BF2E9C23-C188-4DD4-B3C9-B3391E4B4991}.Release|x86.ActiveCfg = Release|Win32
		{BF2E9C23-C188-4DD4-B3C9-B3391E4B4991}.Release|x86.Build.0 = Release|Win32
		{107A8CD1-20D4-409A-B163-68646DA7A3C6}.Debug|x64.ActiveCfg = Debug|x64
		{107A8CD1-20D4-409A-B163-68646DA7A3C6}.Debug|x64.Build.0 = Debug|x64
		{107A8CD1-20D4-409A-B163-68646DA7A3C6}.Debug|x86.ActiveCfg = Debug|Win32
		{107A8CD1-20D4-409A-B163-68646DA7A3C6}.Debug|x86.Build.0 = Debug|Win32
		{107A8CD1-20D4-409A-B163-68646DA7A3C6}.Release|x64.ActiveCfg = Release|x64
		{107A8CD1-20D4-409A-B163-68646DA7A3C6}.Release|x64.Build.0 = Release|x64
		{107A8CD1-20D4-409A-B163-68646DA7A3C6}.Release|x86.ActiveCfg = Release|Win32
		{107A8CD1-20D4-409A-B163-68646DA7A3C6}.Release|x86.Build.0 = Release|Win32
		{FC38543F-D5D0-4396-9502-C2E7C054819B}.Debug|x64.ActiveCfg = Debug|x64
		{FC38543F-D5D0-4396-9502-C2E7C054819B}.Debug|x64.Build.0 = Debug|x64
		{FC38543F-D5D0-4396-9502-C2E7C054819B}.Debug|x86.ActiveCfg = Debug|Win32
		{FC38543F-D5D0-4396-9502-C2E7C054819B}.Debug|x86.Build.0 = Debug|Win32
		{FC38543F-D5D0-4396-9502-C2E7C054819B}.Release|x64.ActiveCfg = Release|x64
		{FC38543F-D5D0-4396-9502-C2E7C054819B}.Release|x64.Build.0 = Release|x64
		{FC38543F-D5D0-4396-9502-C2E7C054819B}.Release|x86.ActiveCfg = Release|Win32
		{FC38543F-D5D0-4396-9502-C2E7C054819B}.Release|x86.Build.0 = Release|Win32
		{FE5FA1CD-747B-4E66-A56E-5C04CD3D267B}.Debug|x64.ActiveCfg = Debug|x64
		{FE5FA1CD-747B-4E66-A56E-5C04CD3D267B}.Debug|x64.Build.0 = Debug|x64
		{FE5FA1CD-747B-4E66-A56E-5C04CD3D267B}.Debug|x86.ActiveCfg = Debug|Win32
		{FE5FA1CD-747B-4E66-A56E-5C04CD3D267B}.Debug|x86.Build.0 = Debug|Win32
		{FE5FA1CD-747B-4E66-A56E-5C04CD3D267B}.Release|x64.ActiveCfg = Release|x64
		{FE5FA1CD-747B-4E66-A56E-5C04CD3D267B}.Release|x64.Build.0 = Release|x64
		{FE5FA1CD-747B-4E66-A56E-5C04CD3D267B}.Release|x86.ActiveCfg = Release|Win32
		{FE5FA1CD-747B-4E66-A56E-5C04CD3D267B}.Release|x86.Build.0 = Release|Win32
		{0650000E-6462-4505-A9E8-4746971B687B}.Debug|x64.ActiveCfg = Debug|x64
		{0650000E-6462-4505-A9E8-4746971B687B}.Debug|x64.Build.0 = Debug|x64
		{0650000E-6462-4505-A9E8-4746971B687B}.Debug|x86.ActiveCfg = Debug|Win32
		{0650000E-6462-4505-A9E8-4746971B687B}.Debug|x86.Build.0 = Debug|Win32
		{0650000E-6462-4505-A9E8-4746971B687B}.Release|x64.ActiveCfg = Release|x64
		{0650000E-6462-4505-A9E8-4746971B687B}.Release|x64.Build.0 = Release|x64
		{0650000E-6462-4505-A9E8-4746971B687B}.Release|x86.ActiveCfg = Release|Win32
		{0650000E-6462-4505-A9E8-4746971B687B}.Release|x86.Build.0 = Release|Win32
		{71A25922-7497-4979-AB30-F46D37F06C01}.Debug|x64.ActiveCfg = Debug|x64
		{71A25922-7497-4979-AB30-F46D37F06C01}.Debug|x64.Build.0 = Debug|x64
		{71A25922-7497-4979-AB30-F46D37F06C01}.Debug|x86.ActiveCfg = Debug|Win32
		{71A25922-7497-4979-AB30-F46D37F06C01}.Debug|x86.Build.0 = Debug|Win32
		{71A25922-7497-4979-AB30-F46D37F06C01}.Release|x64.ActiveCfg = Release|x64
		{71A25922-7497-4979-AB30-F46D37F06C01}.Release|x64.Build.0 = Release|x64
		{71A25922-7497-4979-AB30-F46D37F06C01}.Release|x86.ActiveCfg = Release|Win32
		{71A25922-7497-4979-AB30-F46D37F06C01}.Release|x86.Build.0 = Release|Win32
		{1FF59793-249B-4A5A-A590-7E93B9FC3DED}.Debug|x64.ActiveCfg = Debug|x64
		{1FF59793-249B-4A5A-A590-7E93B9FC3DED}.Debug|x64.Build.0 = Debug|x64
		{1FF59793-249B-4A5A-A590-7E93B9FC3DED}.Debug|x86.ActiveCfg = Debug|Win32
		{1FF59793-249B-4A5A-A590-7E93B9FC3DED}.Debug|x86.Build.0 = Debug|Win32
		{1FF59793-249B-4A5A-A590-7E93B9FC3DED}.Release|x64.ActiveCfg = Release|x64
		{1FF59793-249B-4A5A-A590-7E93B9FC3DED}.Release|x64.Build.0 = Release|x64
		{1FF59793-249B-4A5A-A590-7E93B9FC3DED}.Release|x86.ActiveCfg = Release|Win32
		{1FF59793-249B-4A5A-A590-7E93B9FC3DED}.Release|x86.Build.0 = Release|Win32
		{5BB81191-6BC0-4A28-9F11-53B4420868F3}.Debug|x64.ActiveCfg = Debug|x64
		{5BB81191-6BC0-4A28-9F11-53B4420868F3}.Debug|x64.Build.0 = Debug|x64
		{5BB81191-6BC0-4A28-9F11-53B4420868F3}.Debug|x86.ActiveCfg = Debug|Win32
		{5BB81191-6BC0-4A28-9F11-53B4420868F3}.Debug|x86.Build.0 = Debug|Win32
		{5BB81191-6BC0-4A28-9F11-53B4420868F3}.Release|x64.ActiveCfg = Release|x64
		{5BB81191-6BC0-4A28-9F11-53B4420868F3}.Release|x64.Build.0 = Release|x64
		{5BB81191-6BC0-4A28-9F11-53B4420868F3}.Release|x86.ActiveCfg = Release|Win32
		{5BB81191-6BC0-4A28-9F11-53B4420868F3}.Release|x86.Build.0 = Release|Win32
		{61A60A69-FECB-4047-9116-C2678FEA6104}.Debug|x64.ActiveCfg = Debug|x64
		{61A60A69-FECB-4047-9116-C2678FEA6104}.Debug|x64.Build.0 = Debug|x64
		{61A60A69-FECB-4047-9116-C2678FEA6104}.Debug|x86.ActiveCfg = Debug|Win32
		{61A60A69-FECB-4047-9116-C2678FEA6104}.Debug|x86.Build.0 = Debug|Win32
		{61A60A69-FECB-4047-9116-C2678FEA6104}.Release|x64.ActiveCfg = Release|x64
		{61A60A69-FECB-4047-9116-C2678FEA6104}.Release|x64.Build.0 = Release|x64
		{61A60A69-FECB-4047-9116-C2678FEA6104}.Release|x86.ActiveCfg = Release|Win32
		{61A60A69-FECB-4047-9116-C2678FEA6104}.Release|x86.Build.0 = Release|Win32
		{D37B7264-AF02-4A39-B2BA-9CD726DA2466}.Debug|x64.ActiveCfg = Debug|x64
		{D37B7264-AF02-4A39-B2BA-9CD726DA2466}.Debug|x64.Build.0 = Debug|x64
		{D37B7264-AF02-4A39-B2BA-9CD726DA2466}.Debug|x86.ActiveCfg = Debug|Win32
		{D37B7264-AF02-4A39-B2BA-9CD726DA2466}.Debug|x86.Build.0 = Debug|Win32
		{D37B7264-AF02-4A39-B2BA-9CD726DA2466}.Release|x64.ActiveCfg = Release|x64
		{D37B7264-AF02-4A39-B2BA-9CD726DA2466}.Release|x64.Build.0 = Release|x64
		{D37B7264-AF02-4A39-B2BA-9CD726DA2466}.Release|x86.ActiveCfg = Release|Win32
		{D37B7264-AF02-4A39-B2BA-9CD726DA2466}.Release|x86.Build.0 = Release|Win32
		{8B62107A-25F5-46C0-8388-BEFAFF7C8BE5}.Debug|x64.ActiveCfg = Debug|x64
		{8B62107A-25F5-46C0-8388-BEFAFF7C8BE5}.Debug|x64.Build.0 = Debug|x64
		{8B62107A-25F5-46C0-8388-BEFAFF7C8BE5}.Debug|x86.ActiveCfg = Debug|Win32
		{8B62107A-25F5-46C0-8388-BEFAFF7C8BE5}.Debug|x86.Build.0 = Debug|Win32
		{8B62107A-25F5-46C0-8388-BEFAFF7C8BE5}.Release|x64.ActiveCfg = Release|x64
		{8B62107A-25F5-46C0-8388-BEFAFF7C8BE5}.Release|x64.Build.0 = Release|x64
		{8B62107A-25F5-46C0-8388-BEFAFF7C8BE5}.Release|x86.ActiveCfg = Release|Win32
		{8B62107A-25F5-46C0-8388-BEFAFF7C8BE5}.Release|x86.Build.0 = Release|Win32
		{1506E60A-B0BC-4F98-9562-210199F5A5B5}.Debug|x64.ActiveCfg = Debug|x64
		{1506E60A-B0BC-4F98-9562-210199F5A5B5}.Debug|x64.Build.0 = Debug|x64
		{1506E60A-B0BC-4F98-9562-210199F5A5B5}.Debug|x86.ActiveCfg = Debug|Win32
		{1506E60A-B0BC-4F98-9562-210199F5A5B5}.Debug|x86.Build.0 = Debug|Win32
		{1506E60A-B0BC-4F98-9562-210199F5A5B5}.Release|x64.ActiveCfg = Release|x64
		{1506E60A-B0BC-4F98-9562-210199F5A5B5}.Release|x64.Build.0 = Release|x64
		{1506E60A-B0BC-4F98-9562-210199F5A5B5}.Release|x86.ActiveCfg = Release|Win32
		{1506E60A-B0BC-4F98-9562-210199F5A5B5}.Release|x86.Build.0 = Release|Win32
		{31E725B0-6E22-4633-B53B-A60D753466A8}.Debug|x64.ActiveCfg = Debug|x64
		{31E725B0-6E22-4633-B53B-A60D753466A8}.Debug|x64.Build.0 = Debug|x64
		{31E725B0-6E22-4633-B53B-A60D753466A8}.Debug|x86.ActiveCfg = Debug|Win32
		{31E725B0-6E22-4633-B53B-A60D753466A8}.Debug|x86.Build.0 = Debug|Win32
		{31E725B0-6E22-4633-B53B-A60D753466A8}.Release|x64.ActiveCfg = Release|x64
		{31E725B0-6E22-4633-B53B-A60D753466A8}.Release|x64.Build.0 = Release|x64
		{31E725B0-6E22-4633-B53B-A60D753466A8}.Release|x86.ActiveCfg = Release|Win32
		{31E725B0-6E22-4633-B53B-A60D753466A8}.Release|x86.Build.0 = Release|Win32
		{76474ED8-0A0F-4187-869B-D6D60C6E6542}.Debug|x64.ActiveCfg = Debug|x64
		{76474ED8-0A0F-4187-869B-D6D60C6E6542}.Debug|x64.Build.0 = Debug|x64
		{76474ED8-0A0F-4187-869B-D6D60C6E6542}.Debug|x86.ActiveCfg = Debug|Win32
		{76474ED8-0A0F-4187-869B-D6D60C6E6542}.Debug|x86.Build.0 = Debug|Win32
		{76474ED8-0A0F-4187-869B-D6D60C6E6542}.Release|x64.ActiveCfg = Release|x64
		{76474ED8-0A0F-4187-869B-D6D60C6E6542}.Release|x64.Build.0 = Release|x64
		{76474ED8-0A0F-4187-869B-D6D60C6E6542}.Release|x86.ActiveCfg = Release|Win32
		{76474ED8-0A0F-4187-869B-D6D60C6E6542}.Release|x86.Build.0 = Release|Win32
		{182C3AA3-D2CC-4516-8A43-C9E0ABC0F133}.Debug|x64.ActiveCfg = Debug|x64
		{182C3AA3-D2CC-4516-8A43-C9E0ABC0F133}.Debug|x64.Build.0 = Debug|x64
		{182C3AA3-D2CC-4516-8A43-C9E0ABC0F133}.Debug|x86.ActiveCfg = Debug|Win32
		{182C3AA3-D2CC-4516-8A43-C9E0ABC0F133}.Debug|x86.Build.0 = Debug|Win32
		{182C3AA3-D2CC-4516-8A43-C9E0ABC0F133}.Release|x64.ActiveCfg = Release|x64
		{182C3AA3-D2CC-4516-8A43-C9E0ABC0F133}.Release|x64.Build.0 = Release|x64
		{182C3AA3-D2CC-4516-8A43-C9E0ABC0F133}.Release|x86.ActiveCfg = Release|Win32
		{182C3AA3-D2CC-4516-8A43-C9E0ABC0F133}.Release|x86.Build.0 = Release|Win32
		{5C1828E1-AF47-4F73-8B7D-A11C34DE8AEC}.Debug|x64.ActiveCfg = Debug|x64
		{5C1828E1-AF47-4F73-8B7D-A11C34DE8AEC}.Debug|x64.Build.0 = Debug|x64
		{5C1828E1-AF47-4F73-8B7D-A11C34DE8AEC}.Debug|x86.ActiveCfg = Debug|Win32
		{5C1828E1-AF47-4F73-8B7D-A11C34DE8AEC}.Debug|x86.Build.0 = Debug|Win32
		{5C1828E1-AF47-4F73-8B7D-A11C34DE8AEC}.Release|x64.ActiveCfg = Release|x64
		{5C1828E1-AF47-4F73-8B7D-A11C34DE8AEC}.Release|x64.Build.0 = Release|x64
		{5C1828E1-AF47-4F73-8B7D-A11C34DE8AEC}.Release|x86.ActiveCfg = Release|Win32
		{5C1828E1-AF47-4F73-8B7D-A11C34DE8AEC}.Release|x86.Build.0 = Release|Win32
	EndGlobalSection
	GlobalSection(SolutionProperties) = preSolution
		HideSolutionNode = FALSE
	EndGlobalSection
	GlobalSection(ExtensibilityGlobals) = postSolution
		SolutionGuid = {ADD8C481-2545-4359-9D2D-F116E44EB30C}
	EndGlobalSection
EndGlobal
